
Microsoft Visual Studio Solution File, Format Version 12.00
# Visual Studio 2012
Project("{FAE04EC0-301F-11D3-BF4B-00C04F79EFBC}") = "TutorialWeb", "TutorialWeb\TutorialWeb.csproj", "{93D3E5B5-3098-4CFB-A0D5-934B90B3E962}"
EndProject
Project("{FAE04EC0-301F-11D3-BF4B-00C04F79EFBC}") = "MvcApplication1", "MvcApplication1\MvcApplication1.csproj", "{3952FBF9-A364-4AB8-9B62-19B6E157D674}"
EndProject
Project("{FAE04EC0-301F-11D3-BF4B-00C04F79EFBC}") = "TutorialTypeScriptWeb", "TutorialTypeScriptWeb\TutorialTypeScriptWeb.csproj", "{5C8CA696-C5CE-4773-B865-BB8217B9316D}"
EndProject
Global
	GlobalSection(SolutionConfigurationPlatforms) = preSolution
		Debug|Any CPU = Debug|Any CPU
		Release|Any CPU = Release|Any CPU
	EndGlobalSection
	GlobalSection(ProjectConfigurationPlatforms) = postSolution
		{93D3E5B5-3098-4CFB-A0D5-934B90B3E962}.Debug|Any CPU.ActiveCfg = Debug|Any CPU
		{93D3E5B5-3098-4CFB-A0D5-934B90B3E962}.Debug|Any CPU.Build.0 = Debug|Any CPU
		{93D3E5B5-3098-4CFB-A0D5-934B90B3E962}.Release|Any CPU.ActiveCfg = Release|Any CPU
		{93D3E5B5-3098-4CFB-A0D5-934B90B3E962}.Release|Any CPU.Build.0 = Release|Any CPU
		{3952FBF9-A364-4AB8-9B62-19B6E157D674}.Debug|Any CPU.ActiveCfg = Debug|Any CPU
		{3952FBF9-A364-4AB8-9B62-19B6E157D674}.Debug|Any CPU.Build.0 = Debug|Any CPU
		{3952FBF9-A364-4AB8-9B62-19B6E157D674}.Release|Any CPU.ActiveCfg = Release|Any CPU
		{3952FBF9-A364-4AB8-9B62-19B6E157D674}.Release|Any CPU.Build.0 = Release|Any CPU
		{5C8CA696-C5CE-4773-B865-BB8217B9316D}.Debug|Any CPU.ActiveCfg = Debug|Any CPU
		{5C8CA696-C5CE-4773-B865-BB8217B9316D}.Debug|Any CPU.Build.0 = Debug|Any CPU
		{5C8CA696-C5CE-4773-B865-BB8217B9316D}.Release|Any CPU.ActiveCfg = Release|Any CPU
		{5C8CA696-C5CE-4773-B865-BB8217B9316D}.Release|Any CPU.Build.0 = Release|Any CPU
	EndGlobalSection
	GlobalSection(SolutionProperties) = preSolution
		HideSolutionNode = FALSE
	EndGlobalSection
EndGlobal
